{
    "_meta": {
        "hash": {
            "sha256": "5f21a2e3a49d0422b56b345918414d57c46a8a25b3f58ab878782f4ccc93a595"
        },
        "pipfile-spec": 6,
        "requires": {
            "python_version": "3.7"
        },
        "sources": [
            {
                "name": "pypi",
                "url": "https://pypi.org/simple",
                "verify_ssl": true
            }
        ]
    },
    "default": {
        "lark-parser": {
            "hashes": [
                "sha256:81fc9e657477b6c9e70945c59f8b4c49d26e6ae5be09358397d86f5e72bf1607"
            ],
            "index": "pypi",
            "version": "==0.7.2"
        }
    },
    "develop": {}
}
